{
  "name": "test-integration:",
  "lockfileVersion": 3,
  "requires": true,
  "packages": {
    "": {
      "dependencies": {
        "zaddr-wasm-parser": "file:../ts-wrapper"
      }
    },
    "../ts-wrapper": {
      "version": "0.1.0",
      "license": "MIT",
      "devDependencies": {
        "copyfiles": "^2.4.1",
        "ts-node": "^10.9.2",
        "typescript": "^5.8.3"
      }
    },
    "node_modules/zaddr-wasm-parser": {
      "resolved": "../ts-wrapper",
      "link": true
    }
  }
}
